
Microsoft Visual Studio Solution File, Format Version 12.00
# Visual Studio Version 17
VisualStudioVersion = 17.3.32825.248
MinimumVisualStudioVersion = 10.0.40219.1
Project("{9A19103F-16F7-4668-BE54-9A1E7A4F7556}") = "01.PrintYourColor", "01.PrintYourColor\01.PrintYourColor.csproj", "{D1D8674C-0A42-404C-BCE7-06069BBB12DA}"
EndProject
Project("{9A19103F-16F7-4668-BE54-9A1E7A4F7556}") = "02.p5", "02.p5\02.p5.csproj", "{B108B5C1-D382-484A-9312-28CEE22C34D6}"
EndProject
Project("{9A19103F-16F7-4668-BE54-9A1E7A4F7556}") = "02.p6", "02.p6\02.p6.csproj", "{78E8037A-6F98-48ED-A92E-118481C9A546}"
EndProject
Project("{9A19103F-16F7-4668-BE54-9A1E7A4F7556}") = "02.p7", "02.p7\02.p7.csproj", "{8A036997-F8DF-43C2-BC19-65AC662B5FD3}"
EndProject
Project("{9A19103F-16F7-4668-BE54-9A1E7A4F7556}") = "03.p8", "03.p8\03.p8.csproj", "{EDF25491-0B25-4E71-8297-C91491C1EEE0}"
EndProject
Project("{9A19103F-16F7-4668-BE54-9A1E7A4F7556}") = "03.p9", "03.p9\03.p9.csproj", "{EB6E8A98-771C-4619-91A9-166154A150B2}"
EndProject
Project("{9A19103F-16F7-4668-BE54-9A1E7A4F7556}") = "03.p10", "03.p10\03.p10.csproj", "{FFAB8CBC-0B78-48FD-B196-A96283872196}"
EndProject
Project("{9A19103F-16F7-4668-BE54-9A1E7A4F7556}") = "03.p11", "03.p11\03.p11.csproj", "{B9927BC4-9FFF-4581-8451-29100A44DB8B}"
EndProject
Project("{FAE04EC0-301F-11D3-BF4B-00C04F79EFBC}") = "03.p12", "03.p12\03.p12.csproj", "{B63FBA3A-E9EC-4AA2-A519-7021917303C3}"
EndProject
Project("{FAE04EC0-301F-11D3-BF4B-00C04F79EFBC}") = "03.p13", "03.p13\03.p13.csproj", "{2F771B36-2CFD-4872-9E54-D3B99D8231B1}"
EndProject
Project("{FAE04EC0-301F-11D3-BF4B-00C04F79EFBC}") = "04.p14", "04.p14\04.p14.csproj", "{89103908-6C9A-4E07-88C6-4994743A5D1D}"
EndProject
Project("{FAE04EC0-301F-11D3-BF4B-00C04F79EFBC}") = "04.p15", "04.p15\04.p15.csproj", "{CB9B60EE-2BA3-45B2-BA75-D3641CCC8CAF}"
EndProject
Project("{FAE04EC0-301F-11D3-BF4B-00C04F79EFBC}") = "04.p16", "04.p16\04.p16.csproj", "{8B92F93D-AB20-4447-B849-1B227C6ADD50}"
EndProject
Project("{FAE04EC0-301F-11D3-BF4B-00C04F79EFBC}") = "05.p17", "05.p17\05.p17.csproj", "{BE7B956F-B218-4210-A246-83ACA32E051B}"
EndProject
Global
	GlobalSection(SolutionConfigurationPlatforms) = preSolution
		Debug|Any CPU = Debug|Any CPU
		Release|Any CPU = Release|Any CPU
	EndGlobalSection
	GlobalSection(ProjectConfigurationPlatforms) = postSolution
		{D1D8674C-0A42-404C-BCE7-06069BBB12DA}.Debug|Any CPU.ActiveCfg = Debug|Any CPU
		{D1D8674C-0A42-404C-BCE7-06069BBB12DA}.Debug|Any CPU.Build.0 = Debug|Any CPU
		{D1D8674C-0A42-404C-BCE7-06069BBB12DA}.Release|Any CPU.ActiveCfg = Release|Any CPU
		{D1D8674C-0A42-404C-BCE7-06069BBB12DA}.Release|Any CPU.Build.0 = Release|Any CPU
		{B108B5C1-D382-484A-9312-28CEE22C34D6}.Debug|Any CPU.ActiveCfg = Debug|Any CPU
		{B108B5C1-D382-484A-9312-28CEE22C34D6}.Debug|Any CPU.Build.0 = Debug|Any CPU
		{B108B5C1-D382-484A-9312-28CEE22C34D6}.Release|Any CPU.ActiveCfg = Release|Any CPU
		{B108B5C1-D382-484A-9312-28CEE22C34D6}.Release|Any CPU.Build.0 = Release|Any CPU
		{78E8037A-6F98-48ED-A92E-118481C9A546}.Debug|Any CPU.ActiveCfg = Debug|Any CPU
		{78E8037A-6F98-48ED-A92E-118481C9A546}.Debug|Any CPU.Build.0 = Debug|Any CPU
		{78E8037A-6F98-48ED-A92E-118481C9A546}.Release|Any CPU.ActiveCfg = Release|Any CPU
		{78E8037A-6F98-48ED-A92E-118481C9A546}.Release|Any CPU.Build.0 = Release|Any CPU
		{8A036997-F8DF-43C2-BC19-65AC662B5FD3}.Debug|Any CPU.ActiveCfg = Debug|Any CPU
		{8A036997-F8DF-43C2-BC19-65AC662B5FD3}.Debug|Any CPU.Build.0 = Debug|Any CPU
		{8A036997-F8DF-43C2-BC19-65AC662B5FD3}.Release|Any CPU.ActiveCfg = Release|Any CPU
		{8A036997-F8DF-43C2-BC19-65AC662B5FD3}.Release|Any CPU.Build.0 = Release|Any CPU
		{EDF25491-0B25-4E71-8297-C91491C1EEE0}.Debug|Any CPU.ActiveCfg = Debug|Any CPU
		{EDF25491-0B25-4E71-8297-C91491C1EEE0}.Debug|Any CPU.Build.0 = Debug|Any CPU
		{EDF25491-0B25-4E71-8297-C91491C1EEE0}.Release|Any CPU.ActiveCfg = Release|Any CPU
		{EDF25491-0B25-4E71-8297-C91491C1EEE0}.Release|Any CPU.Build.0 = Release|Any CPU
		{EB6E8A98-771C-4619-91A9-166154A150B2}.Debug|Any CPU.ActiveCfg = Debug|Any CPU
		{EB6E8A98-771C-4619-91A9-166154A150B2}.Debug|Any CPU.Build.0 = Debug|Any CPU
		{EB6E8A98-771C-4619-91A9-166154A150B2}.Release|Any CPU.ActiveCfg = Release|Any CPU
		{EB6E8A98-771C-4619-91A9-166154A150B2}.Release|Any CPU.Build.0 = Release|Any CPU
		{FFAB8CBC-0B78-48FD-B196-A96283872196}.Debug|Any CPU.ActiveCfg = Debug|Any CPU
		{FFAB8CBC-0B78-48FD-B196-A96283872196}.Debug|Any CPU.Build.0 = Debug|Any CPU
		{FFAB8CBC-0B78-48FD-B196-A96283872196}.Release|Any CPU.ActiveCfg = Release|Any CPU
		{FFAB8CBC-0B78-48FD-B196-A96283872196}.Release|Any CPU.Build.0 = Release|Any CPU
		{B9927BC4-9FFF-4581-8451-29100A44DB8B}.Debug|Any CPU.ActiveCfg = Debug|Any CPU
		{B9927BC4-9FFF-4581-8451-29100A44DB8B}.Debug|Any CPU.Build.0 = Debug|Any CPU
		{B9927BC4-9FFF-4581-8451-29100A44DB8B}.Release|Any CPU.ActiveCfg = Release|Any CPU
		{B9927BC4-9FFF-4581-8451-29100A44DB8B}.Release|Any CPU.Build.0 = Release|Any CPU
		{B63FBA3A-E9EC-4AA2-A519-7021917303C3}.Debug|Any CPU.ActiveCfg = Debug|Any CPU
		{B63FBA3A-E9EC-4AA2-A519-7021917303C3}.Debug|Any CPU.Build.0 = Debug|Any CPU
		{B63FBA3A-E9EC-4AA2-A519-7021917303C3}.Release|Any CPU.ActiveCfg = Release|Any CPU
		{B63FBA3A-E9EC-4AA2-A519-7021917303C3}.Release|Any CPU.Build.0 = Release|Any CPU
		{2F771B36-2CFD-4872-9E54-D3B99D8231B1}.Debug|Any CPU.ActiveCfg = Debug|Any CPU
		{2F771B36-2CFD-4872-9E54-D3B99D8231B1}.Debug|Any CPU.Build.0 = Debug|Any CPU
		{2F771B36-2CFD-4872-9E54-D3B99D8231B1}.Release|Any CPU.ActiveCfg = Release|Any CPU
		{2F771B36-2CFD-4872-9E54-D3B99D8231B1}.Release|Any CPU.Build.0 = Release|Any CPU
		{89103908-6C9A-4E07-88C6-4994743A5D1D}.Debug|Any CPU.ActiveCfg = Debug|Any CPU
		{89103908-6C9A-4E07-88C6-4994743A5D1D}.Debug|Any CPU.Build.0 = Debug|Any CPU
		{89103908-6C9A-4E07-88C6-4994743A5D1D}.Release|Any CPU.ActiveCfg = Release|Any CPU
		{89103908-6C9A-4E07-88C6-4994743A5D1D}.Release|Any CPU.Build.0 = Release|Any CPU
		{CB9B60EE-2BA3-45B2-BA75-D3641CCC8CAF}.Debug|Any CPU.ActiveCfg = Debug|Any CPU
		{CB9B60EE-2BA3-45B2-BA75-D3641CCC8CAF}.Debug|Any CPU.Build.0 = Debug|Any CPU
		{CB9B60EE-2BA3-45B2-BA75-D3641CCC8CAF}.Release|Any CPU.ActiveCfg = Release|Any CPU
		{CB9B60EE-2BA3-45B2-BA75-D3641CCC8CAF}.Release|Any CPU.Build.0 = Release|Any CPU
		{8B92F93D-AB20-4447-B849-1B227C6ADD50}.Debug|Any CPU.ActiveCfg = Debug|Any CPU
		{8B92F93D-AB20-4447-B849-1B227C6ADD50}.Debug|Any CPU.Build.0 = Debug|Any CPU
		{8B92F93D-AB20-4447-B849-1B227C6ADD50}.Release|Any CPU.ActiveCfg = Release|Any CPU
		{8B92F93D-AB20-4447-B849-1B227C6ADD50}.Release|Any CPU.Build.0 = Release|Any CPU
		{BE7B956F-B218-4210-A246-83ACA32E051B}.Debug|Any CPU.ActiveCfg = Debug|Any CPU
		{BE7B956F-B218-4210-A246-83ACA32E051B}.Debug|Any CPU.Build.0 = Debug|Any CPU
		{BE7B956F-B218-4210-A246-83ACA32E051B}.Release|Any CPU.ActiveCfg = Release|Any CPU
		{BE7B956F-B218-4210-A246-83ACA32E051B}.Release|Any CPU.Build.0 = Release|Any CPU
	EndGlobalSection
	GlobalSection(SolutionProperties) = preSolution
		HideSolutionNode = FALSE
	EndGlobalSection
	GlobalSection(ExtensibilityGlobals) = postSolution
		SolutionGuid = {6EA6DCBE-FC96-48E9-84FD-71B3675EB25B}
	EndGlobalSection
EndGlobal
